
Microsoft Visual Studio Solution File, Format Version 12.00
# Visual Studio 15
VisualStudioVersion = 15.0.27428.2037
MinimumVisualStudioVersion = 10.0.40219.1
Project("{FAE04EC0-301F-11D3-BF4B-00C04F79EFBC}") = "WIRE_FACER", "WIRE_FACER\WIRE_FACER.csproj", "{8F4BF3F4-1C1E-4963-BD37-7006B19E0C17}"
EndProject
Global
	GlobalSection(SolutionConfigurationPlatforms) = preSolution
		Debug|Any CPU = Debug|Any CPU
		Release|Any CPU = Release|Any CPU
	EndGlobalSection
	GlobalSection(ProjectConfigurationPlatforms) = postSolution
		{8F4BF3F4-1C1E-4963-BD37-7006B19E0C17}.Debug|Any CPU.ActiveCfg = Debug|Any CPU
		{8F4BF3F4-1C1E-4963-BD37-7006B19E0C17}.Debug|Any CPU.Build.0 = Debug|Any CPU
		{8F4BF3F4-1C1E-4963-BD37-7006B19E0C17}.Release|Any CPU.ActiveCfg = Release|Any CPU
		{8F4BF3F4-1C1E-4963-BD37-7006B19E0C17}.Release|Any CPU.Build.0 = Release|Any CPU
	EndGlobalSection
	GlobalSection(SolutionProperties) = preSolution
		HideSolutionNode = FALSE
	EndGlobalSection
	GlobalSection(ExtensibilityGlobals) = postSolution
		SolutionGuid = {E9396F2A-3DF7-48A2-A3F3-03FB06B1FC38}
	EndGlobalSection
EndGlobal
